// !$*UTF8*$!
{
	archiveVersion = 1;
	classes = {
	};
	objectVersion = 54;
	objects = {

/* Begin PBXBuildFile section */
		13B07FB71A68108700A75B9A /* Images.xcassets in Resources */ = {isa = PBXBuildFile; fileRef = 13B07FB51A68108700A75B9A /* Images.xcassets */; };
		761780ED2CA45674006654EE /* AppDelegate.swift in Sources */ = {isa = PBXBuildFile; fileRef = 761780EC2CA45674006654EE /* AppDelegate.swift */; };
		AE9AA29A2F0BF947005C3C92 /* DocumentDatabase.swift in Sources */ = {isa = PBXBuildFile; fileRef = AE9AA2992F0BF947005C3C92 /* DocumentDatabase.swift */; };
		AEBD28542F0B119400C3390F /* DocumentManager.swift in Sources */ = {isa = PBXBuildFile; fileRef = AEBD28532F0B119400C3390F /* DocumentManager.swift */; };
		AEDA82D82F1FBA4100550D74 /* DocumentModels.swift in Sources */ = {isa = PBXBuildFile; fileRef = AEDA82D32F1FBA4100550D74 /* DocumentModels.swift */; };
		AEDA82D92F1FBA4100550D74 /* TabContainerView.swift in Sources */ = {isa = PBXBuildFile; fileRef = AEDA82D72F1FBA4100550D74 /* TabContainerView.swift */; };
		AEDA82DA2F1FBA4100550D74 /* DocumentsView.swift in Sources */ = {isa = PBXBuildFile; fileRef = AEDA82D52F1FBA4100550D74 /* DocumentsView.swift */; };
		AEDA82DB2F1FBA4100550D74 /* MarkdownHelpers.swift in Sources */ = {isa = PBXBuildFile; fileRef = AEDA82D62F1FBA4100550D74 /* MarkdownHelpers.swift */; };
		AEDA82DC2F1FBA4100550D74 /* DocumentPreviewViews.swift in Sources */ = {isa = PBXBuildFile; fileRef = AEDA82D42F1FBA4100550D74 /* DocumentPreviewViews.swift */; };
		AEDA82DD2F1FBA4100550D74 /* ConversionView.swift in Sources */ = {isa = PBXBuildFile; fileRef = AEDA82D22F1FBA4100550D74 /* ConversionView.swift */; };
		AEE10FE02F0B0A8800D8EFF7 /* NativeChatView.swift in Sources */ = {isa = PBXBuildFile; fileRef = AEE10FDE2F0B0A8800D8EFF7 /* NativeChatView.swift */; };
		AEE10FE12F0B0A8800D8EFF7 /* NativeChatViewManager.swift in Sources */ = {isa = PBXBuildFile; fileRef = AEE10FDF2F0B0A8800D8EFF7 /* NativeChatViewManager.swift */; };
		AEE10FE22F0B0A8800D8EFF7 /* EdgeAI.swift in Sources */ = {isa = PBXBuildFile; fileRef = AEE10FDD2F0B0A8800D8EFF7 /* EdgeAI.swift */; };
		AEE10FE32F0B0A8800D8EFF7 /* EdgeAI.m in Sources */ = {isa = PBXBuildFile; fileRef = AEE10FDC2F0B0A8800D8EFF7 /* EdgeAI.m */; };
		AEFE19AE2F20EE9400108CD3 /* SettingsView.swift in Sources */ = {isa = PBXBuildFile; fileRef = AEFE19AD2F20EE9400108CD3 /* SettingsView.swift */; };
		AEFE19B02F20F03D00108CD3 /* KeychainService.swift in Sources */ = {isa = PBXBuildFile; fileRef = AEFE19AF2F20F03D00108CD3 /* KeychainService.swift */; };
		AEFE19B22F20F55F00108CD3 /* PDFEditView.swift in Sources */ = {isa = PBXBuildFile; fileRef = AEFE19B12F20F55F00108CD3 /* PDFEditView.swift */; };
		AEFE19B42F21089900108CD3 /* ZipExportView.swift in Sources */ = {isa = PBXBuildFile; fileRef = AEFE19B32F21089900108CD3 /* ZipExportView.swift */; };
		B12D6F9E03A4A66CA4E522E0 /* libPods-VaultAI.a in Frameworks */ = {isa = PBXBuildFile; fileRef = 43A934517A58E224B45297CF /* libPods-VaultAI.a */; };
		B51DE01B08C2900F75FA8AC0 /* PrivacyInfo.xcprivacy in Resources */ = {isa = PBXBuildFile; fileRef = 13B07FB81A68108700A75B9A /* PrivacyInfo.xcprivacy */; };
/* End PBXBuildFile section */

/* Begin PBXFileReference section */
		13B07F961A680F5B00A75B9A /* VaultAI.app */ = {isa = PBXFileReference; explicitFileType = wrapper.application; includeInIndex = 0; path = VaultAI.app; sourceTree = BUILT_PRODUCTS_DIR; };
		13B07FB51A68108700A75B9A /* Images.xcassets */ = {isa = PBXFileReference; lastKnownFileType = folder.assetcatalog; name = Images.xcassets; path = VaultAI/Images.xcassets; sourceTree = "<group>"; };
		13B07FB61A68108700A75B9A /* Info.plist */ = {isa = PBXFileReference; fileEncoding = 4; lastKnownFileType = text.plist.xml; name = Info.plist; path = VaultAI/Info.plist; sourceTree = "<group>"; };
		13B07FB81A68108700A75B9A /* PrivacyInfo.xcprivacy */ = {isa = PBXFileReference; fileEncoding = 4; lastKnownFileType = text.plist.xml; name = PrivacyInfo.xcprivacy; path = VaultAI/PrivacyInfo.xcprivacy; sourceTree = "<group>"; };
		43A934517A58E224B45297CF /* libPods-VaultAI.a */ = {isa = PBXFileReference; explicitFileType = archive.ar; includeInIndex = 0; path = "libPods-VaultAI.a"; sourceTree = BUILT_PRODUCTS_DIR; };
		537B7CD00906871DA1872CFE /* Pods-EdgeLLMTuto.release.xcconfig */ = {isa = PBXFileReference; includeInIndex = 1; lastKnownFileType = text.xcconfig; name = "Pods-EdgeLLMTuto.release.xcconfig"; path = "Target Support Files/Pods-EdgeLLMTuto/Pods-EdgeLLMTuto.release.xcconfig"; sourceTree = "<group>"; };
		761780EC2CA45674006654EE /* AppDelegate.swift */ = {isa = PBXFileReference; lastKnownFileType = sourcecode.swift; name = AppDelegate.swift; path = VaultAI/AppDelegate.swift; sourceTree = "<group>"; };
		8187BEE6B6DC936AAA3D94C7 /* Pods-VaultAI.debug.xcconfig */ = {isa = PBXFileReference; includeInIndex = 1; lastKnownFileType = text.xcconfig; name = "Pods-VaultAI.debug.xcconfig"; path = "Target Support Files/Pods-VaultAI/Pods-VaultAI.debug.xcconfig"; sourceTree = "<group>"; };
		81AB9BB72411601600AC10FF /* LaunchScreen.storyboard */ = {isa = PBXFileReference; fileEncoding = 4; lastKnownFileType = file.storyboard; name = LaunchScreen.storyboard; path = VaultAI/LaunchScreen.storyboard; sourceTree = "<group>"; };
		AE9AA2992F0BF947005C3C92 /* DocumentDatabase.swift */ = {isa = PBXFileReference; lastKnownFileType = sourcecode.swift; path = DocumentDatabase.swift; sourceTree = "<group>"; };
		AEBD28532F0B119400C3390F /* DocumentManager.swift */ = {isa = PBXFileReference; lastKnownFileType = sourcecode.swift; path = DocumentManager.swift; sourceTree = "<group>"; };
		AEDA82D22F1FBA4100550D74 /* ConversionView.swift */ = {isa = PBXFileReference; lastKnownFileType = sourcecode.swift; path = ConversionView.swift; sourceTree = "<group>"; };
		AEDA82D32F1FBA4100550D74 /* DocumentModels.swift */ = {isa = PBXFileReference; lastKnownFileType = sourcecode.swift; path = DocumentModels.swift; sourceTree = "<group>"; };
		AEDA82D42F1FBA4100550D74 /* DocumentPreviewViews.swift */ = {isa = PBXFileReference; lastKnownFileType = sourcecode.swift; path = DocumentPreviewViews.swift; sourceTree = "<group>"; };
		AEDA82D52F1FBA4100550D74 /* DocumentsView.swift */ = {isa = PBXFileReference; lastKnownFileType = sourcecode.swift; path = DocumentsView.swift; sourceTree = "<group>"; };
		AEDA82D62F1FBA4100550D74 /* MarkdownHelpers.swift */ = {isa = PBXFileReference; lastKnownFileType = sourcecode.swift; path = MarkdownHelpers.swift; sourceTree = "<group>"; };
		AEDA82D72F1FBA4100550D74 /* TabContainerView.swift */ = {isa = PBXFileReference; lastKnownFileType = sourcecode.swift; path = TabContainerView.swift; sourceTree = "<group>"; };
		AEE10FDC2F0B0A8800D8EFF7 /* EdgeAI.m */ = {isa = PBXFileReference; lastKnownFileType = sourcecode.c.objc; path = EdgeAI.m; sourceTree = "<group>"; };
		AEE10FDD2F0B0A8800D8EFF7 /* EdgeAI.swift */ = {isa = PBXFileReference; lastKnownFileType = sourcecode.swift; path = EdgeAI.swift; sourceTree = "<group>"; };
		AEE10FDE2F0B0A8800D8EFF7 /* NativeChatView.swift */ = {isa = PBXFileReference; lastKnownFileType = sourcecode.swift; path = NativeChatView.swift; sourceTree = "<group>"; };
		AEE10FDF2F0B0A8800D8EFF7 /* NativeChatViewManager.swift */ = {isa = PBXFileReference; lastKnownFileType = sourcecode.swift; path = NativeChatViewManager.swift; sourceTree = "<group>"; };
		AEE10FE42F0B0A8C00D8EFF7 /* EdgeLLMTuto-Bridging-Header.h */ = {isa = PBXFileReference; lastKnownFileType = sourcecode.c.h; path = "EdgeLLMTuto-Bridging-Header.h"; sourceTree = "<group>"; };
		AEFE19AD2F20EE9400108CD3 /* SettingsView.swift */ = {isa = PBXFileReference; lastKnownFileType = sourcecode.swift; path = SettingsView.swift; sourceTree = "<group>"; };
		AEFE19AF2F20F03D00108CD3 /* KeychainService.swift */ = {isa = PBXFileReference; lastKnownFileType = sourcecode.swift; path = KeychainService.swift; sourceTree = "<group>"; };
		AEFE19B12F20F55F00108CD3 /* PDFEditView.swift */ = {isa = PBXFileReference; lastKnownFileType = sourcecode.swift; path = PDFEditView.swift; sourceTree = "<group>"; };
		AEFE19B32F21089900108CD3 /* ZipExportView.swift */ = {isa = PBXFileReference; lastKnownFileType = sourcecode.swift; path = ZipExportView.swift; sourceTree = "<group>"; };
		B1D2528A2BEAE71DCD36C413 /* Pods-EdgeLLMTuto.debug.xcconfig */ = {isa = PBXFileReference; includeInIndex = 1; lastKnownFileType = text.xcconfig; name = "Pods-EdgeLLMTuto.debug.xcconfig"; path = "Target Support Files/Pods-EdgeLLMTuto/Pods-EdgeLLMTuto.debug.xcconfig"; sourceTree = "<group>"; };
		DF91F9C1F571638680FAB7A1 /* Pods-VaultAI.release.xcconfig */ = {isa = PBXFileReference; includeInIndex = 1; lastKnownFileType = text.xcconfig; name = "Pods-VaultAI.release.xcconfig"; path = "Target Support Files/Pods-VaultAI/Pods-VaultAI.release.xcconfig"; sourceTree = "<group>"; };
		ED297162215061F000B7C4FE /* JavaScriptCore.framework */ = {isa = PBXFileReference; lastKnownFileType = wrapper.framework; name = JavaScriptCore.framework; path = System/Library/Frameworks/JavaScriptCore.framework; sourceTree = SDKROOT; };
/* End PBXFileReference section */

/* Begin PBXFrameworksBuildPhase section */
		13B07F8C1A680F5B00A75B9A /* Frameworks */ = {
			isa = PBXFrameworksBuildPhase;
			buildActionMask = 2147483647;
			files = (
				B12D6F9E03A4A66CA4E522E0 /* libPods-VaultAI.a in Frameworks */,
			);
			runOnlyForDeploymentPostprocessing = 0;
		};
/* End PBXFrameworksBuildPhase section */

/* Begin PBXGroup section */
		13B07FAE1A68108700A75B9A /* VaultAI */ = {
			isa = PBXGroup;
			children = (
				AEFE19B32F21089900108CD3 /* ZipExportView.swift */,
				761780EC2CA45674006654EE /* AppDelegate.swift */,
				AEDA82D22F1FBA4100550D74 /* ConversionView.swift */,
				AE9AA2992F0BF947005C3C92 /* DocumentDatabase.swift */,
				AEBD28532F0B119400C3390F /* DocumentManager.swift */,
				AEDA82D32F1FBA4100550D74 /* DocumentModels.swift */,
				AEDA82D42F1FBA4100550D74 /* DocumentPreviewViews.swift */,
				AEDA82D52F1FBA4100550D74 /* DocumentsView.swift */,
				AEE10FDC2F0B0A8800D8EFF7 /* EdgeAI.m */,
				AEE10FDD2F0B0A8800D8EFF7 /* EdgeAI.swift */,
				AEE10FE42F0B0A8C00D8EFF7 /* EdgeLLMTuto-Bridging-Header.h */,
				13B07FB51A68108700A75B9A /* Images.xcassets */,
				13B07FB61A68108700A75B9A /* Info.plist */,
				AEFE19AF2F20F03D00108CD3 /* KeychainService.swift */,
				81AB9BB72411601600AC10FF /* LaunchScreen.storyboard */,
				AEDA82D62F1FBA4100550D74 /* MarkdownHelpers.swift */,
				AEE10FDE2F0B0A8800D8EFF7 /* NativeChatView.swift */,
				AEE10FDF2F0B0A8800D8EFF7 /* NativeChatViewManager.swift */,
				AEFE19B12F20F55F00108CD3 /* PDFEditView.swift */,
				13B07FB81A68108700A75B9A /* PrivacyInfo.xcprivacy */,
				AEFE19AD2F20EE9400108CD3 /* SettingsView.swift */,
				AEDA82D72F1FBA4100550D74 /* TabContainerView.swift */,
			);
			name = VaultAI;
			sourceTree = "<group>";
		};
		2D16E6871FA4F8E400B85C8A /* Frameworks */ = {
			isa = PBXGroup;
			children = (
				ED297162215061F000B7C4FE /* JavaScriptCore.framework */,
				43A934517A58E224B45297CF /* libPods-VaultAI.a */,
			);
			name = Frameworks;
			sourceTree = "<group>";
		};
		832341AE1AAA6A7D00B99B32 /* Libraries */ = {
			isa = PBXGroup;
			children = (
			);
			name = Libraries;
			sourceTree = "<group>";
		};
		83CBB9F61A601CBA00E9B192 = {
			isa = PBXGroup;
			children = (
				13B07FAE1A68108700A75B9A /* VaultAI */,
				832341AE1AAA6A7D00B99B32 /* Libraries */,
				83CBBA001A601CBA00E9B192 /* Products */,
				2D16E6871FA4F8E400B85C8A /* Frameworks */,
				BBD78D7AC51CEA395F1C20DB /* Pods */,
			);
			indentWidth = 2;
			sourceTree = "<group>";
			tabWidth = 2;
			usesTabs = 0;
		};
		83CBBA001A601CBA00E9B192 /* Products */ = {
			isa = PBXGroup;
			children = (
				13B07F961A680F5B00A75B9A /* VaultAI.app */,
			);
			name = Products;
			sourceTree = "<group>";
		};
		BBD78D7AC51CEA395F1C20DB /* Pods */ = {
			isa = PBXGroup;
			children = (
				B1D2528A2BEAE71DCD36C413 /* Pods-EdgeLLMTuto.debug.xcconfig */,
				537B7CD00906871DA1872CFE /* Pods-EdgeLLMTuto.release.xcconfig */,
				8187BEE6B6DC936AAA3D94C7 /* Pods-VaultAI.debug.xcconfig */,
				DF91F9C1F571638680FAB7A1 /* Pods-VaultAI.release.xcconfig */,
			);
			path = Pods;
			sourceTree = "<group>";
		};
/* End PBXGroup section */

/* Begin PBXNativeTarget section */
		13B07F861A680F5B00A75B9A /* VaultAI */ = {
			isa = PBXNativeTarget;
			buildConfigurationList = 13B07F931A680F5B00A75B9A /* Build configuration list for PBXNativeTarget "VaultAI" */;
			buildPhases = (
				5BFAC7D9469BDEBF168AE588 /* [CP] Check Pods Manifest.lock */,
				13B07F871A680F5B00A75B9A /* Sources */,
				13B07F8C1A680F5B00A75B9A /* Frameworks */,
				13B07F8C1A680F5B00A75B9A /* Frameworks */,
				00DD1BFF1BD5951E006B06BC /* Bundle React Native code and images */,
				D311E31CB2A18094574EDFBE /* [CP] Embed Pods Frameworks */,
				2C1B12108D9BEC4F6BD3D32A /* [CP] Copy Pods Resources */,
				B37103DE89BE196AF47A910B /* Resources */,
			);
			buildRules = (
			);
			dependencies = (
			);
			name = VaultAI;
			productName = VaultAI;
			productReference = 13B07F961A680F5B00A75B9A /* VaultAI.app */;
			productType = "com.apple.product-type.application";
		};
/* End PBXNativeTarget section */

/* Begin PBXProject section */
		83CBB9F71A601CBA00E9B192 /* Project object */ = {
			isa = PBXProject;
			attributes = {
				LastUpgradeCheck = 1210;
				TargetAttributes = {
					13B07F861A680F5B00A75B9A = {
						LastSwiftMigration = 2610;
					};
				};
			};
			buildConfigurationList = 83CBB9FA1A601CBA00E9B192 /* Build configuration list for PBXProject "VaultAI" */;
			compatibilityVersion = "Xcode 12.0";
			developmentRegion = en;
			hasScannedForEncodings = 0;
			knownRegions = (
				en,
				Base,
			);
			mainGroup = 83CBB9F61A601CBA00E9B192;
			productRefGroup = 83CBBA001A601CBA00E9B192 /* Products */;
			projectDirPath = "";
			projectRoot = "";
			targets = (
				13B07F861A680F5B00A75B9A /* VaultAI */,
			);
		};
/* End PBXProject section */

/* Begin PBXResourcesBuildPhase section */
		B37103DE89BE196AF47A910B /* Resources */ = {
			isa = PBXResourcesBuildPhase;
			buildActionMask = 2147483647;
			files = (
				13B07FB71A68108700A75B9A /* Images.xcassets in Resources */,
				B51DE01B08C2900F75FA8AC0 /* PrivacyInfo.xcprivacy in Resources */,
			);
			runOnlyForDeploymentPostprocessing = 0;
		};
/* End PBXResourcesBuildPhase section */

/* Begin PBXShellScriptBuildPhase section */
		00DD1BFF1BD5951E006B06BC /* Bundle React Native code and images */ = {
			isa = PBXShellScriptBuildPhase;
			buildActionMask = 2147483647;
			files = (
			);
			inputPaths = (
				"$(SRCROOT)/.xcode.env.local",
				"$(SRCROOT)/.xcode.env",
			);
			name = "Bundle React Native code and images";
			outputPaths = (
			);
			runOnlyForDeploymentPostprocessing = 0;
			shellPath = /bin/sh;
			shellScript = "set -e\n\nWITH_ENVIRONMENT=\"$REACT_NATIVE_PATH/scripts/xcode/with-environment.sh\"\nREACT_NATIVE_XCODE=\"$REACT_NATIVE_PATH/scripts/react-native-xcode.sh\"\n\n/bin/sh -c \"$WITH_ENVIRONMENT $REACT_NATIVE_XCODE\"\n";
		};
		2C1B12108D9BEC4F6BD3D32A /* [CP] Copy Pods Resources */ = {
			isa = PBXShellScriptBuildPhase;
			buildActionMask = 2147483647;
			files = (
			);
			inputFileListPaths = (
				"${PODS_ROOT}/Target Support Files/Pods-VaultAI/Pods-VaultAI-resources-${CONFIGURATION}-input-files.xcfilelist",
			);
			inputPaths = (
			);
			name = "[CP] Copy Pods Resources";
			outputFileListPaths = (
				"${PODS_ROOT}/Target Support Files/Pods-VaultAI/Pods-VaultAI-resources-${CONFIGURATION}-output-files.xcfilelist",
			);
			outputPaths = (
			);
			runOnlyForDeploymentPostprocessing = 0;
			shellPath = /bin/sh;
			shellScript = "\"${PODS_ROOT}/Target Support Files/Pods-VaultAI/Pods-VaultAI-resources.sh\"\n";
			showEnvVarsInLog = 0;
		};
		5BFAC7D9469BDEBF168AE588 /* [CP] Check Pods Manifest.lock */ = {
			isa = PBXShellScriptBuildPhase;
			buildActionMask = 2147483647;
			files = (
			);
			inputFileListPaths = (
			);
			inputPaths = (
				"${PODS_PODFILE_DIR_PATH}/Podfile.lock",
				"${PODS_ROOT}/Manifest.lock",
			);
			name = "[CP] Check Pods Manifest.lock";
			outputFileListPaths = (
			);
			outputPaths = (
				"$(DERIVED_FILE_DIR)/Pods-VaultAI-checkManifestLockResult.txt",
			);
			runOnlyForDeploymentPostprocessing = 0;
			shellPath = /bin/sh;
			shellScript = "diff \"${PODS_PODFILE_DIR_PATH}/Podfile.lock\" \"${PODS_ROOT}/Manifest.lock\" > /dev/null\nif [ $? != 0 ] ; then\n    # print error to STDERR\n    echo \"error: The sandbox is not in sync with the Podfile.lock. Run 'pod install' or update your CocoaPods installation.\" >&2\n    exit 1\nfi\n# This output is used by Xcode 'outputs' to avoid re-running this script phase.\necho \"SUCCESS\" > \"${SCRIPT_OUTPUT_FILE_0}\"\n";
			showEnvVarsInLog = 0;
		};
		D311E31CB2A18094574EDFBE /* [CP] Embed Pods Frameworks */ = {
			isa = PBXShellScriptBuildPhase;
			buildActionMask = 2147483647;
			files = (
			);
			inputFileListPaths = (
				"${PODS_ROOT}/Target Support Files/Pods-VaultAI/Pods-VaultAI-frameworks-${CONFIGURATION}-input-files.xcfilelist",
			);
			inputPaths = (
			);
			name = "[CP] Embed Pods Frameworks";
			outputFileListPaths = (
				"${PODS_ROOT}/Target Support Files/Pods-VaultAI/Pods-VaultAI-frameworks-${CONFIGURATION}-output-files.xcfilelist",
			);
			outputPaths = (
			);
			runOnlyForDeploymentPostprocessing = 0;
			shellPath = /bin/sh;
			shellScript = "\"${PODS_ROOT}/Target Support Files/Pods-VaultAI/Pods-VaultAI-frameworks.sh\"\n";
			showEnvVarsInLog = 0;
		};
/* End PBXShellScriptBuildPhase section */

/* Begin PBXSourcesBuildPhase section */
		13B07F871A680F5B00A75B9A /* Sources */ = {
			isa = PBXSourcesBuildPhase;
			buildActionMask = 2147483647;
			files = (
				AEE10FE02F0B0A8800D8EFF7 /* NativeChatView.swift in Sources */,
				AEE10FE12F0B0A8800D8EFF7 /* NativeChatViewManager.swift in Sources */,
				AEE10FE22F0B0A8800D8EFF7 /* EdgeAI.swift in Sources */,
				AEE10FE32F0B0A8800D8EFF7 /* EdgeAI.m in Sources */,
				AEBD28542F0B119400C3390F /* DocumentManager.swift in Sources */,
				AEDA82D82F1FBA4100550D74 /* DocumentModels.swift in Sources */,
				AEFE19B42F21089900108CD3 /* ZipExportView.swift in Sources */,
				AEDA82D92F1FBA4100550D74 /* TabContainerView.swift in Sources */,
				AEFE19B22F20F55F00108CD3 /* PDFEditView.swift in Sources */,
				AEFE19AE2F20EE9400108CD3 /* SettingsView.swift in Sources */,
				AEFE19B02F20F03D00108CD3 /* KeychainService.swift in Sources */,
				AEDA82DA2F1FBA4100550D74 /* DocumentsView.swift in Sources */,
				AEDA82DB2F1FBA4100550D74 /* MarkdownHelpers.swift in Sources */,
				AEDA82DC2F1FBA4100550D74 /* DocumentPreviewViews.swift in Sources */,
				AEDA82DD2F1FBA4100550D74 /* ConversionView.swift in Sources */,
				761780ED2CA45674006654EE /* AppDelegate.swift in Sources */,
				AE9AA29A2F0BF947005C3C92 /* DocumentDatabase.swift in Sources */,
			);
			runOnlyForDeploymentPostprocessing = 0;
		};
/* End PBXSourcesBuildPhase section */

/* Begin XCBuildConfiguration section */
		13B07F941A680F5B00A75B9A /* Debug */ = {
			isa = XCBuildConfiguration;
			baseConfigurationReference = 8187BEE6B6DC936AAA3D94C7 /* Pods-VaultAI.debug.xcconfig */;
			buildSettings = {
				ASSETCATALOG_COMPILER_APPICON_NAME = AppIcon;
				CLANG_ENABLE_MODULES = YES;
				CODE_SIGN_IDENTITY = "Apple Development";
				CODE_SIGN_STYLE = Automatic;
				CURRENT_PROJECT_VERSION = 1;
				DEVELOPMENT_TEAM = Z42Y3J55L6;
				ENABLE_BITCODE = NO;
				INFOPLIST_FILE = VaultAI/Info.plist;
				IPHONEOS_DEPLOYMENT_TARGET = 15.1;
				LD_RUNPATH_SEARCH_PATHS = (
					"$(inherited)",
					"@executable_path/Frameworks",
				);
				MARKETING_VERSION = 1.0;
				OTHER_LDFLAGS = (
					"$(inherited)",
					"-ObjC",
					"-lc++",
				);
				PRODUCT_BUNDLE_IDENTIFIER = com.purzavlad.vaultai;
				PRODUCT_NAME = VaultAI;
				PROVISIONING_PROFILE_SPECIFIER = "";
				SWIFT_OBJC_BRIDGING_HEADER = "EdgeLLMTuto-Bridging-Header.h";
				SWIFT_OPTIMIZATION_LEVEL = "-Onone";
				SWIFT_VERSION = 5.0;
				VERSIONING_SYSTEM = "apple-generic";
			};
			name = Debug;
		};
		13B07F951A680F5B00A75B9A /* Release */ = {
			isa = XCBuildConfiguration;
			baseConfigurationReference = DF91F9C1F571638680FAB7A1 /* Pods-VaultAI.release.xcconfig */;
			buildSettings = {
				ASSETCATALOG_COMPILER_APPICON_NAME = AppIcon;
				CLANG_ENABLE_MODULES = YES;
				CODE_SIGN_IDENTITY = "Apple Development";
				CODE_SIGN_STYLE = Automatic;
				CURRENT_PROJECT_VERSION = 1;
				DEVELOPMENT_TEAM = Z42Y3J55L6;
				INFOPLIST_FILE = VaultAI/Info.plist;
				IPHONEOS_DEPLOYMENT_TARGET = 15.1;
				LD_RUNPATH_SEARCH_PATHS = (
					"$(inherited)",
					"@executable_path/Frameworks",
				);
				MARKETING_VERSION = 1.0;
				OTHER_LDFLAGS = (
					"$(inherited)",
					"-ObjC",
					"-lc++",
				);
				PRODUCT_BUNDLE_IDENTIFIER = com.purzavlad.vaultai;
				PRODUCT_NAME = VaultAI;
				PROVISIONING_PROFILE_SPECIFIER = "";
				SWIFT_OBJC_BRIDGING_HEADER = "EdgeLLMTuto-Bridging-Header.h";
				SWIFT_VERSION = 5.0;
				VERSIONING_SYSTEM = "apple-generic";
			};
			name = Release;
		};
		83CBBA201A601CBA00E9B192 /* Debug */ = {
			isa = XCBuildConfiguration;
			buildSettings = {
				ALWAYS_SEARCH_USER_PATHS = NO;
				CLANG_ANALYZER_LOCALIZABILITY_NONLOCALIZED = YES;
				CLANG_CXX_LANGUAGE_STANDARD = "c++20";
				CLANG_CXX_LIBRARY = "libc++";
				CLANG_ENABLE_MODULES = YES;
				CLANG_ENABLE_OBJC_ARC = YES;
				CLANG_WARN_BLOCK_CAPTURE_AUTORELEASING = YES;
				CLANG_WARN_BOOL_CONVERSION = YES;
				CLANG_WARN_COMMA = YES;
				CLANG_WARN_CONSTANT_CONVERSION = YES;
				CLANG_WARN_DEPRECATED_OBJC_IMPLEMENTATIONS = YES;
				CLANG_WARN_DIRECT_OBJC_ISA_USAGE = YES_ERROR;
				CLANG_WARN_EMPTY_BODY = YES;
				CLANG_WARN_ENUM_CONVERSION = YES;
				CLANG_WARN_INFINITE_RECURSION = YES;
				CLANG_WARN_INT_CONVERSION = YES;
				CLANG_WARN_NON_LITERAL_NULL_CONVERSION = YES;
				CLANG_WARN_OBJC_IMPLICIT_RETAIN_SELF = YES;
				CLANG_WARN_OBJC_LITERAL_CONVERSION = YES;
				CLANG_WARN_OBJC_ROOT_CLASS = YES_ERROR;
				CLANG_WARN_QUOTED_INCLUDE_IN_FRAMEWORK_HEADER = YES;
				CLANG_WARN_RANGE_LOOP_ANALYSIS = YES;
				CLANG_WARN_STRICT_PROTOTYPES = YES;
				CLANG_WARN_SUSPICIOUS_MOVE = YES;
				CLANG_WARN_UNREACHABLE_CODE = YES;
				CLANG_WARN__DUPLICATE_METHOD_MATCH = YES;
				"CODE_SIGN_IDENTITY[sdk=iphoneos*]" = "iPhone Developer";
				COPY_PHASE_STRIP = NO;
				ENABLE_STRICT_OBJC_MSGSEND = YES;
				ENABLE_TESTABILITY = YES;
				"EXCLUDED_ARCHS[sdk=iphonesimulator*]" = "";
				GCC_C_LANGUAGE_STANDARD = gnu99;
				GCC_DYNAMIC_NO_PIC = NO;
				GCC_NO_COMMON_BLOCKS = YES;
				GCC_OPTIMIZATION_LEVEL = 0;
				GCC_PREPROCESSOR_DEFINITIONS = (
					"DEBUG=1",
					"$(inherited)",
				);
				GCC_SYMBOLS_PRIVATE_EXTERN = NO;
				GCC_WARN_64_TO_32_BIT_CONVERSION = YES;
				GCC_WARN_ABOUT_RETURN_TYPE = YES_ERROR;
				GCC_WARN_UNDECLARED_SELECTOR = YES;
				GCC_WARN_UNINITIALIZED_AUTOS = YES_AGGRESSIVE;
				GCC_WARN_UNUSED_FUNCTION = YES;
				GCC_WARN_UNUSED_VARIABLE = YES;
				IPHONEOS_DEPLOYMENT_TARGET = 15.1;
				LD_RUNPATH_SEARCH_PATHS = (
					/usr/lib/swift,
					"$(inherited)",
				);
				LIBRARY_SEARCH_PATHS = (
					"\"$(SDKROOT)/usr/lib/swift\"",
					"\"$(TOOLCHAIN_DIR)/usr/lib/swift/$(PLATFORM_NAME)\"",
					"\"$(inherited)\"",
				);
				MTL_ENABLE_DEBUG_INFO = YES;
				ONLY_ACTIVE_ARCH = YES;
				OTHER_CPLUSPLUSFLAGS = (
					"$(OTHER_CFLAGS)",
					"-DFOLLY_NO_CONFIG",
					"-DFOLLY_MOBILE=1",
					"-DFOLLY_USE_LIBCPP=1",
					"-DFOLLY_CFG_NO_COROUTINES=1",
					"-DFOLLY_HAVE_CLOCK_GETTIME=1",
				);
				OTHER_LDFLAGS = "$(inherited)  ";
				REACT_NATIVE_PATH = "${PODS_ROOT}/../../node_modules/react-native";
				SDKROOT = iphoneos;
				SWIFT_ACTIVE_COMPILATION_CONDITIONS = "$(inherited) DEBUG";
				USE_HERMES = true;
			};
			name = Debug;
		};
		83CBBA211A601CBA00E9B192 /* Release */ = {
			isa = XCBuildConfiguration;
			buildSettings = {
				ALWAYS_SEARCH_USER_PATHS = NO;
				CLANG_ANALYZER_LOCALIZABILITY_NONLOCALIZED = YES;
				CLANG_CXX_LANGUAGE_STANDARD = "c++20";
				CLANG_CXX_LIBRARY = "libc++";
				CLANG_ENABLE_MODULES = YES;
				CLANG_ENABLE_OBJC_ARC = YES;
				CLANG_WARN_BLOCK_CAPTURE_AUTORELEASING = YES;
				CLANG_WARN_BOOL_CONVERSION = YES;
				CLANG_WARN_COMMA = YES;
				CLANG_WARN_CONSTANT_CONVERSION = YES;
				CLANG_WARN_DEPRECATED_OBJC_IMPLEMENTATIONS = YES;
				CLANG_WARN_DIRECT_OBJC_ISA_USAGE = YES_ERROR;
				CLANG_WARN_EMPTY_BODY = YES;
				CLANG_WARN_ENUM_CONVERSION = YES;
				CLANG_WARN_INFINITE_RECURSION = YES;
				CLANG_WARN_INT_CONVERSION = YES;
				CLANG_WARN_NON_LITERAL_NULL_CONVERSION = YES;
				CLANG_WARN_OBJC_IMPLICIT_RETAIN_SELF = YES;
				CLANG_WARN_OBJC_LITERAL_CONVERSION = YES;
				CLANG_WARN_OBJC_ROOT_CLASS = YES_ERROR;
				CLANG_WARN_QUOTED_INCLUDE_IN_FRAMEWORK_HEADER = YES;
				CLANG_WARN_RANGE_LOOP_ANALYSIS = YES;
				CLANG_WARN_STRICT_PROTOTYPES = YES;
				CLANG_WARN_SUSPICIOUS_MOVE = YES;
				CLANG_WARN_UNREACHABLE_CODE = YES;
				CLANG_WARN__DUPLICATE_METHOD_MATCH = YES;
				"CODE_SIGN_IDENTITY[sdk=iphoneos*]" = "iPhone Developer";
				COPY_PHASE_STRIP = YES;
				ENABLE_NS_ASSERTIONS = NO;
				ENABLE_STRICT_OBJC_MSGSEND = YES;
				"EXCLUDED_ARCHS[sdk=iphonesimulator*]" = "";
				GCC_C_LANGUAGE_STANDARD = gnu99;
				GCC_NO_COMMON_BLOCKS = YES;
				GCC_WARN_64_TO_32_BIT_CONVERSION = YES;
				GCC_WARN_ABOUT_RETURN_TYPE = YES_ERROR;
				GCC_WARN_UNDECLARED_SELECTOR = YES;
				GCC_WARN_UNINITIALIZED_AUTOS = YES_AGGRESSIVE;
				GCC_WARN_UNUSED_FUNCTION = YES;
				GCC_WARN_UNUSED_VARIABLE = YES;
				IPHONEOS_DEPLOYMENT_TARGET = 15.1;
				LD_RUNPATH_SEARCH_PATHS = (
					/usr/lib/swift,
					"$(inherited)",
				);
				LIBRARY_SEARCH_PATHS = (
					"\"$(SDKROOT)/usr/lib/swift\"",
					"\"$(TOOLCHAIN_DIR)/usr/lib/swift/$(PLATFORM_NAME)\"",
					"\"$(inherited)\"",
				);
				MTL_ENABLE_DEBUG_INFO = NO;
				OTHER_CPLUSPLUSFLAGS = (
					"$(OTHER_CFLAGS)",
					"-DFOLLY_NO_CONFIG",
					"-DFOLLY_MOBILE=1",
					"-DFOLLY_USE_LIBCPP=1",
					"-DFOLLY_CFG_NO_COROUTINES=1",
					"-DFOLLY_HAVE_CLOCK_GETTIME=1",
				);
				OTHER_LDFLAGS = "$(inherited)  ";
				REACT_NATIVE_PATH = "${PODS_ROOT}/../../node_modules/react-native";
				SDKROOT = iphoneos;
				USE_HERMES = true;
				VALIDATE_PRODUCT = YES;
			};
			name = Release;
		};
/* End XCBuildConfiguration section */

/* Begin XCConfigurationList section */
		13B07F931A680F5B00A75B9A /* Build configuration list for PBXNativeTarget "VaultAI" */ = {
			isa = XCConfigurationList;
			buildConfigurations = (
				13B07F941A680F5B00A75B9A /* Debug */,
				13B07F951A680F5B00A75B9A /* Release */,
			);
			defaultConfigurationIsVisible = 0;
			defaultConfigurationName = Release;
		};
		83CBB9FA1A601CBA00E9B192 /* Build configuration list for PBXProject "VaultAI" */ = {
			isa = XCConfigurationList;
			buildConfigurations = (
				83CBBA201A601CBA00E9B192 /* Debug */,
				83CBBA211A601CBA00E9B192 /* Release */,
			);
			defaultConfigurationIsVisible = 0;
			defaultConfigurationName = Release;
		};
/* End XCConfigurationList section */
	};
	rootObject = 83CBB9F71A601CBA00E9B192 /* Project object */;
}
